[{<<"cowboy">>,
  {git,"https://github.com/ninenines/cowboy.git",
       {ref,"dbb636034f20736e16eb9d6c809217c9525b6cbd"}},
  0},
 {<<"cowlib">>,
  {git,"https://github.com/ninenines/cowlib",
       {ref,"7fe557b9d33403d80a9c456209a194ba473a7956"}},
  1},
 {<<"jsone">>,
  {git,"https://github.com/sile/jsone.git",
       {ref,"14a9660ec43d8590ca6d42def7793122b9aa6714"}},
  0},
 {<<"meck">>,
  {git,"git://github.com/basho/meck.git",
       {ref,"dde759050eff19a1a80fd854d7375174b191665d"}},
  1},
 {<<"msgpack">>,
  {git,"https://github.com/msgpack/msgpack-erlang.git",
       {ref,"f4639fb968a0dc011c8e3ed16558624997b80cf2"}},
  0},
 {<<"protobuffs">>,
  {git,"https://github.com/basho/erlang_protobuffs.git",
       {ref,"d8969a2a0312be7d9db29fcdd2fdfe287c090911"}},
  0},
 {<<"ranch">>,
  {git,"https://github.com/ninenines/ranch",
       {ref,"741bfb73ca663394ecf7a73410506d66f01985a6"}},
  1},
 {<<"seaconfig">>,
  {git,"https://github.com/SeaBattle/SeaConfig.git",
       {ref,"116d427b8053e7b07b75b030757df8355d60fd4a"}},
  0},
 {<<"seautils">>,
  {git,"https://github.com/SeaBattle/SeaUtils.git",
       {ref,"f4004d892c5ec983b91fe78b47768974120489ff"}},
  0},
 {<<"syn">>,
  {git,"https://github.com/ostinelli/syn.git",
       {ref,"9964eb8969b6e1e712249d3aed4f3dfafd3aaac3"}},
  0}].
